<?xml version="1.0" encoding="utf-8"?>
<Project ToolsVersion="4.0" xmlns="http://schemas.microsoft.com/developer/msbuild/2003">
  <ItemGroup>
    <Filter Include="Common">
      <UniqueIdentifier>1e4ae035-58b2-486a-aa22-5a3224039332</UniqueIdentifier>
    </Filter>
    <Filter Include="Assets">
      <UniqueIdentifier>e2ea63a9-fa08-49a5-9aba-5406f890414a</UniqueIdentifier>
      <Extensions>ico;cur;bmp;dds;dlg;fbx;rct;bin;rgs;gif;jpg;jpeg;jpe;resx;tga;tiff;tif;png;wav;mfcribbon-ms</Extensions>
    </Filter>
    <Filter Include="Math">
      <UniqueIdentifier>{fbd455d3-8d07-49b1-83a6-1c42cf4f0730}</UniqueIdentifier>
    </Filter>
    <Filter Include="Shaders">
      <UniqueIdentifier>{c5f9f551-ea13-46d8-a24f-d06fabe7f567}</UniqueIdentifier>
    </Filter>
    <Filter Include="UnrealEngine">
      <UniqueIdentifier>{e63b969c-7b22-4996-8610-4f75dde5245e}</UniqueIdentifier>
    </Filter>
    <Filter Include="imgui">
      <UniqueIdentifier>{2801f77a-1a82-4603-bdcd-750062c5e4a0}</UniqueIdentifier>
    </Filter>
    <Filter Include="imgui\impl">
      <UniqueIdentifier>{df9b35e8-6a73-45f2-b617-bf2c21a134a2}</UniqueIdentifier>
    </Filter>
    <Filter Include="imgui\nothings_stb">
      <UniqueIdentifier>{b77b7feb-b380-49f8-857d-8e1136e4a87e}</UniqueIdentifier>
    </Filter>
  </ItemGroup>
  <ItemGroup>
    <ClInclude Include="imgui\imconfig.h">
      <Filter>imgui</Filter>
    </ClInclude>
    <ClInclude Include="imgui\imgui.h">
      <Filter>imgui</Filter>
    </ClInclude>
    <ClInclude Include="imgui\imgui_internal.h">
      <Filter>imgui</Filter>
    </ClInclude>
    <ClInclude Include="imgui\impl\imgui_impl_dx12.h">
      <Filter>imgui\impl</Filter>
    </ClInclude>
    <ClInclude Include="imgui\impl\imgui_impl_win32.h">
      <Filter>imgui\impl</Filter>
    </ClInclude>
    <ClInclude Include="imgui\nothings_stb\imstb_rectpack.h">
      <Filter>imgui\nothings_stb</Filter>
    </ClInclude>
    <ClInclude Include="imgui\nothings_stb\imstb_textedit.h">
      <Filter>imgui\nothings_stb</Filter>
    </ClInclude>
    <ClInclude Include="imgui\nothings_stb\imstb_truetype.h">
      <Filter>imgui\nothings_stb</Filter>
    </ClInclude>
    <ClInclude Include="AppGUI.h" />
    <ClInclude Include="AppEntry.h" />
    <ClInclude Include="Common\d3dx12.h">
      <Filter>Common</Filter>
    </ClInclude>
    <ClInclude Include="Common\DeviceResources.h">
      <Filter>Common</Filter>
    </ClInclude>
    <ClInclude Include="Math\BoundingPlane.h">
      <Filter>Math</Filter>
    </ClInclude>
    <ClInclude Include="Math\BoundingSphere.h">
      <Filter>Math</Filter>
    </ClInclude>
    <ClInclude Include="Math\Common.h">
      <Filter>Math</Filter>
    </ClInclude>
    <ClInclude Include="Math\Frustum.h">
      <Filter>Math</Filter>
    </ClInclude>
    <ClInclude Include="Math\Matrix3.h">
      <Filter>Math</Filter>
    </ClInclude>
    <ClInclude Include="Math\Matrix4.h">
      <Filter>Math</Filter>
    </ClInclude>
    <ClInclude Include="Math\Quaternion.h">
      <Filter>Math</Filter>
    </ClInclude>
    <ClInclude Include="Math\Random.h">
      <Filter>Math</Filter>
    </ClInclude>
    <ClInclude Include="Math\Scalar.h">
      <Filter>Math</Filter>
    </ClInclude>
    <ClInclude Include="Math\Transform.h">
      <Filter>Math</Filter>
    </ClInclude>
    <ClInclude Include="Math\Vector.h">
      <Filter>Math</Filter>
    </ClInclude>
    <ClInclude Include="Common\VectorMath.h">
      <Filter>Common</Filter>
    </ClInclude>
    <ClInclude Include="Common\UploadBuffer.h">
      <Filter>Common</Filter>
    </ClInclude>
    <ClInclude Include="AppData.h" />
    <ClInclude Include="Common\Camera.h">
      <Filter>Common</Filter>
    </ClInclude>
    <ClInclude Include="Common\FrameResource.h">
      <Filter>Common</Filter>
    </ClInclude>
    <ClInclude Include="AppUtil.h" />
    <ClInclude Include="Common\GeometryManager.h">
      <Filter>Common</Filter>
    </ClInclude>
    <ClInclude Include="Common\TypeDef.h">
      <Filter>Common</Filter>
    </ClInclude>
    <ClInclude Include="UnrealEngine\FSceneDataImporter.h">
      <Filter>UnrealEngine</Filter>
    </ClInclude>
    <ClInclude Include="Common\FileManager.h">
      <Filter>Common</Filter>
    </ClInclude>
    <ClInclude Include="Common\StringManager.h">
      <Filter>Common</Filter>
    </ClInclude>
    <ClInclude Include="Common\ThreadManager.h">
      <Filter>Common</Filter>
    </ClInclude>
    <ClInclude Include="Common\TimerManager.h">
      <Filter>Common</Filter>
    </ClInclude>
  </ItemGroup>
  <ItemGroup>
    <ClCompile Include="Main.cpp" />
    <ClCompile Include="imgui\imgui.cpp">
      <Filter>imgui</Filter>
    </ClCompile>
    <ClCompile Include="imgui\imgui_demo.cpp">
      <Filter>imgui</Filter>
    </ClCompile>
    <ClCompile Include="imgui\imgui_draw.cpp">
      <Filter>imgui</Filter>
    </ClCompile>
    <ClCompile Include="imgui\imgui_widgets.cpp">
      <Filter>imgui</Filter>
    </ClCompile>
    <ClCompile Include="imgui\impl\imgui_impl_dx12.cpp">
      <Filter>imgui\impl</Filter>
    </ClCompile>
    <ClCompile Include="imgui\impl\imgui_impl_win32.cpp">
      <Filter>imgui\impl</Filter>
    </ClCompile>
    <ClCompile Include="AppGUI.cpp" />
    <ClCompile Include="AppEntry.cpp" />
    <ClCompile Include="Common\DeviceResources.cpp">
      <Filter>Common</Filter>
    </ClCompile>
    <ClCompile Include="Math\Frustum.cpp">
      <Filter>Math</Filter>
    </ClCompile>
    <ClCompile Include="Math\Random.cpp">
      <Filter>Math</Filter>
    </ClCompile>
    <ClCompile Include="Common\Camera.cpp">
      <Filter>Common</Filter>
    </ClCompile>
    <ClCompile Include="AppUtil.cpp" />
    <ClCompile Include="Common\GeometryManager.cpp">
      <Filter>Common</Filter>
    </ClCompile>
    <ClCompile Include="Common\FileManager.cpp">
      <Filter>Common</Filter>
    </ClCompile>
    <ClCompile Include="Common\StringManager.cpp">
      <Filter>Common</Filter>
    </ClCompile>
    <ClCompile Include="Common\TimerManager.cpp">
      <Filter>Common</Filter>
    </ClCompile>
    <ClCompile Include="Common\ThreadManager.cpp">
      <Filter>Common</Filter>
    </ClCompile>
    <ClCompile Include="UnrealEngine\FSceneDataImporter.cpp">
      <Filter>UnrealEngine</Filter>
    </ClCompile>
  </ItemGroup>
  <ItemGroup>
    <ResourceCompile Include="resource.rc" />
  </ItemGroup>
  <ItemGroup>
    <Manifest Include="settings.manifest">
      <Filter>Assets</Filter>
    </Manifest>
  </ItemGroup>
  <ItemGroup>
    <None Include="Math\Functions.inl">
      <Filter>Math</Filter>
    </None>
  </ItemGroup>
  <ItemGroup>
    <Text Include="Shaders\common.hlsl">
      <Filter>Shaders</Filter>
    </Text>
    <Text Include="Shaders\computemax.hlsl">
      <Filter>Shaders</Filter>
    </Text>
    <Text Include="Shaders\fullscreenquad.hlsl">
      <Filter>Shaders</Filter>
    </Text>
  </ItemGroup>
  <ItemGroup>
    <Image Include="JayouEngine.ico">
      <Filter>Assets</Filter>
    </Image>
  </ItemGroup>
</Project>